// !$*UTF8*$!
{
	archiveVersion = 1;
	classes = {
	};
	objectVersion = 56;
	objects = {

/* Begin PBXBuildFile section */
		03564B34293E77A400676ABD /* MainView.swift in Sources */ = {isa = PBXBuildFile; fileRef = 03564B33293E77A400676ABD /* MainView.swift */; };
		03564B3B293E782F00676ABD /* CustomNavBarContainer.swift in Sources */ = {isa = PBXBuildFile; fileRef = 03564B36293E782F00676ABD /* CustomNavBarContainer.swift */; };
		03564B3C293E782F00676ABD /* CustomNavLink.swift in Sources */ = {isa = PBXBuildFile; fileRef = 03564B37293E782F00676ABD /* CustomNavLink.swift */; };
		03564B3D293E782F00676ABD /* CustomNavigationView.swift in Sources */ = {isa = PBXBuildFile; fileRef = 03564B38293E782F00676ABD /* CustomNavigationView.swift */; };
		03564B3E293E782F00676ABD /* navBar.swift in Sources */ = {isa = PBXBuildFile; fileRef = 03564B39293E782F00676ABD /* navBar.swift */; };
		03564B3F293E782F00676ABD /* NavBarKeys.swift in Sources */ = {isa = PBXBuildFile; fileRef = 03564B3A293E782F00676ABD /* NavBarKeys.swift */; };
		03B71C4F2936DDE8004204B7 /* ErrorHandler.swift in Sources */ = {isa = PBXBuildFile; fileRef = 03B71C4E2936DDE8004204B7 /* ErrorHandler.swift */; };
		03B71C522936E257004204B7 /* UserT.swift in Sources */ = {isa = PBXBuildFile; fileRef = 03B71C512936E257004204B7 /* UserT.swift */; };
		03BAA7EC29604B4F00878D0B /* QuickTStorage.swift in Sources */ = {isa = PBXBuildFile; fileRef = 03BAA7EB29604B4F00878D0B /* QuickTStorage.swift */; };
		03BB298F295F151400931908 /* User.swift in Sources */ = {isa = PBXBuildFile; fileRef = 03BB298E295F151400931908 /* User.swift */; };
		03C1585929491E1F00CE3505 /* TimelineView.swift in Sources */ = {isa = PBXBuildFile; fileRef = 03C1585829491E1F00CE3505 /* TimelineView.swift */; };
		03C1585B29491FD500CE3505 /* TimelineViewModel.swift in Sources */ = {isa = PBXBuildFile; fileRef = 03C1585A29491FD500CE3505 /* TimelineViewModel.swift */; };
		03C1585D2949206400CE3505 /* QuickT.swift in Sources */ = {isa = PBXBuildFile; fileRef = 03C1585C2949206400CE3505 /* QuickT.swift */; };
		03C1585F294936EF00CE3505 /* TimelineQuickTView.swift in Sources */ = {isa = PBXBuildFile; fileRef = 03C1585E294936EF00CE3505 /* TimelineQuickTView.swift */; };
		03C158612949376700CE3505 /* QuickTView.swift in Sources */ = {isa = PBXBuildFile; fileRef = 03C158602949376700CE3505 /* QuickTView.swift */; };
		03F66786294D2ECD000D3105 /* UserStorage.swift in Sources */ = {isa = PBXBuildFile; fileRef = 03F66785294D2ECD000D3105 /* UserStorage.swift */; };
		03FA39F229353761005BF200 /* QuickThoughtsApp.swift in Sources */ = {isa = PBXBuildFile; fileRef = 03FA39F129353761005BF200 /* QuickThoughtsApp.swift */; };
		03FA39F629353763005BF200 /* Assets.xcassets in Resources */ = {isa = PBXBuildFile; fileRef = 03FA39F529353763005BF200 /* Assets.xcassets */; };
		03FA39F929353763005BF200 /* Preview Assets.xcassets in Resources */ = {isa = PBXBuildFile; fileRef = 03FA39F829353763005BF200 /* Preview Assets.xcassets */; };
		03FA39FB29353763005BF200 /* Persistence.swift in Sources */ = {isa = PBXBuildFile; fileRef = 03FA39FA29353763005BF200 /* Persistence.swift */; };
		03FA39FE29353763005BF200 /* QuickThoughts.xcdatamodeld in Sources */ = {isa = PBXBuildFile; fileRef = 03FA39FC29353763005BF200 /* QuickThoughts.xcdatamodeld */; };
		03FA3A0829353763005BF200 /* QuickThoughtsTests.swift in Sources */ = {isa = PBXBuildFile; fileRef = 03FA3A0729353763005BF200 /* QuickThoughtsTests.swift */; };
		03FA3A1229353763005BF200 /* QuickThoughtsUITests.swift in Sources */ = {isa = PBXBuildFile; fileRef = 03FA3A1129353763005BF200 /* QuickThoughtsUITests.swift */; };
		03FA3A1429353763005BF200 /* QuickThoughtsUITestsLaunchTests.swift in Sources */ = {isa = PBXBuildFile; fileRef = 03FA3A1329353763005BF200 /* QuickThoughtsUITestsLaunchTests.swift */; };
		03FA3A2829354019005BF200 /* Authentication.swift in Sources */ = {isa = PBXBuildFile; fileRef = 03FA3A2729354019005BF200 /* Authentication.swift */; };
		03FA3A2A2935420A005BF200 /* LoginView.swift in Sources */ = {isa = PBXBuildFile; fileRef = 03FA3A292935420A005BF200 /* LoginView.swift */; };
		03FA3A2C293542A4005BF200 /* LoginViewModel.swift in Sources */ = {isa = PBXBuildFile; fileRef = 03FA3A2B293542A4005BF200 /* LoginViewModel.swift */; };
		6A59E3A67C6AB5CA9A9AC970 /* Pods_QuickThoughts.framework in Frameworks */ = {isa = PBXBuildFile; fileRef = F63B6169623AAF7D05864BBD /* Pods_QuickThoughts.framework */; };
		98EEBABC15A307A928A6D7C8 /* Pods_QuickThoughts_QuickThoughtsUITests.framework in Frameworks */ = {isa = PBXBuildFile; fileRef = C9DFB34DF471582522282C74 /* Pods_QuickThoughts_QuickThoughtsUITests.framework */; };
		A463405BE0D64B01114F7C4F /* Pods_QuickThoughtsTests.framework in Frameworks */ = {isa = PBXBuildFile; fileRef = 359647BD4052E4356A8BA607 /* Pods_QuickThoughtsTests.framework */; };
/* End PBXBuildFile section */

/* Begin PBXContainerItemProxy section */
		03FA3A0429353763005BF200 /* PBXContainerItemProxy */ = {
			isa = PBXContainerItemProxy;
			containerPortal = 03FA39E629353761005BF200 /* Project object */;
			proxyType = 1;
			remoteGlobalIDString = 03FA39ED29353761005BF200;
			remoteInfo = QuickThoughts;
		};
		03FA3A0E29353763005BF200 /* PBXContainerItemProxy */ = {
			isa = PBXContainerItemProxy;
			containerPortal = 03FA39E629353761005BF200 /* Project object */;
			proxyType = 1;
			remoteGlobalIDString = 03FA39ED29353761005BF200;
			remoteInfo = QuickThoughts;
		};
/* End PBXContainerItemProxy section */

/* Begin PBXFileReference section */
		03564B33293E77A400676ABD /* MainView.swift */ = {isa = PBXFileReference; lastKnownFileType = sourcecode.swift; path = MainView.swift; sourceTree = "<group>"; };
		03564B36293E782F00676ABD /* CustomNavBarContainer.swift */ = {isa = PBXFileReference; fileEncoding = 4; lastKnownFileType = sourcecode.swift; path = CustomNavBarContainer.swift; sourceTree = "<group>"; };
		03564B37293E782F00676ABD /* CustomNavLink.swift */ = {isa = PBXFileReference; fileEncoding = 4; lastKnownFileType = sourcecode.swift; path = CustomNavLink.swift; sourceTree = "<group>"; };
		03564B38293E782F00676ABD /* CustomNavigationView.swift */ = {isa = PBXFileReference; fileEncoding = 4; lastKnownFileType = sourcecode.swift; path = CustomNavigationView.swift; sourceTree = "<group>"; };
		03564B39293E782F00676ABD /* navBar.swift */ = {isa = PBXFileReference; fileEncoding = 4; lastKnownFileType = sourcecode.swift; path = navBar.swift; sourceTree = "<group>"; };
		03564B3A293E782F00676ABD /* NavBarKeys.swift */ = {isa = PBXFileReference; fileEncoding = 4; lastKnownFileType = sourcecode.swift; path = NavBarKeys.swift; sourceTree = "<group>"; };
		03B71C4E2936DDE8004204B7 /* ErrorHandler.swift */ = {isa = PBXFileReference; lastKnownFileType = sourcecode.swift; path = ErrorHandler.swift; sourceTree = "<group>"; };
		03B71C512936E257004204B7 /* UserT.swift */ = {isa = PBXFileReference; lastKnownFileType = sourcecode.swift; path = UserT.swift; sourceTree = "<group>"; };
		03BAA7EB29604B4F00878D0B /* QuickTStorage.swift */ = {isa = PBXFileReference; lastKnownFileType = sourcecode.swift; path = QuickTStorage.swift; sourceTree = "<group>"; };
		03BB298E295F151400931908 /* User.swift */ = {isa = PBXFileReference; lastKnownFileType = sourcecode.swift; path = User.swift; sourceTree = "<group>"; };
		03C1585829491E1F00CE3505 /* TimelineView.swift */ = {isa = PBXFileReference; lastKnownFileType = sourcecode.swift; path = TimelineView.swift; sourceTree = "<group>"; };
		03C1585A29491FD500CE3505 /* TimelineViewModel.swift */ = {isa = PBXFileReference; lastKnownFileType = sourcecode.swift; path = TimelineViewModel.swift; sourceTree = "<group>"; };
		03C1585C2949206400CE3505 /* QuickT.swift */ = {isa = PBXFileReference; lastKnownFileType = sourcecode.swift; path = QuickT.swift; sourceTree = "<group>"; };
		03C1585E294936EF00CE3505 /* TimelineQuickTView.swift */ = {isa = PBXFileReference; lastKnownFileType = sourcecode.swift; path = TimelineQuickTView.swift; sourceTree = "<group>"; };
		03C158602949376700CE3505 /* QuickTView.swift */ = {isa = PBXFileReference; lastKnownFileType = sourcecode.swift; path = QuickTView.swift; sourceTree = "<group>"; };
		03F66785294D2ECD000D3105 /* UserStorage.swift */ = {isa = PBXFileReference; lastKnownFileType = sourcecode.swift; path = UserStorage.swift; sourceTree = "<group>"; };
		03FA39EE29353761005BF200 /* QuickThoughts.app */ = {isa = PBXFileReference; explicitFileType = wrapper.application; includeInIndex = 0; path = QuickThoughts.app; sourceTree = BUILT_PRODUCTS_DIR; };
		03FA39F129353761005BF200 /* QuickThoughtsApp.swift */ = {isa = PBXFileReference; lastKnownFileType = sourcecode.swift; path = QuickThoughtsApp.swift; sourceTree = "<group>"; };
		03FA39F529353763005BF200 /* Assets.xcassets */ = {isa = PBXFileReference; lastKnownFileType = folder.assetcatalog; path = Assets.xcassets; sourceTree = "<group>"; };
		03FA39F829353763005BF200 /* Preview Assets.xcassets */ = {isa = PBXFileReference; lastKnownFileType = folder.assetcatalog; path = "Preview Assets.xcassets"; sourceTree = "<group>"; };
		03FA39FA29353763005BF200 /* Persistence.swift */ = {isa = PBXFileReference; lastKnownFileType = sourcecode.swift; path = Persistence.swift; sourceTree = "<group>"; };
		03FA39FD29353763005BF200 /* QuickThoughts.xcdatamodel */ = {isa = PBXFileReference; lastKnownFileType = wrapper.xcdatamodel; path = QuickThoughts.xcdatamodel; sourceTree = "<group>"; };
		03FA3A0329353763005BF200 /* QuickThoughtsTests.xctest */ = {isa = PBXFileReference; explicitFileType = wrapper.cfbundle; includeInIndex = 0; path = QuickThoughtsTests.xctest; sourceTree = BUILT_PRODUCTS_DIR; };
		03FA3A0729353763005BF200 /* QuickThoughtsTests.swift */ = {isa = PBXFileReference; lastKnownFileType = sourcecode.swift; path = QuickThoughtsTests.swift; sourceTree = "<group>"; };
		03FA3A0D29353763005BF200 /* QuickThoughtsUITests.xctest */ = {isa = PBXFileReference; explicitFileType = wrapper.cfbundle; includeInIndex = 0; path = QuickThoughtsUITests.xctest; sourceTree = BUILT_PRODUCTS_DIR; };
		03FA3A1129353763005BF200 /* QuickThoughtsUITests.swift */ = {isa = PBXFileReference; lastKnownFileType = sourcecode.swift; path = QuickThoughtsUITests.swift; sourceTree = "<group>"; };
		03FA3A1329353763005BF200 /* QuickThoughtsUITestsLaunchTests.swift */ = {isa = PBXFileReference; lastKnownFileType = sourcecode.swift; path = QuickThoughtsUITestsLaunchTests.swift; sourceTree = "<group>"; };
		03FA3A2729354019005BF200 /* Authentication.swift */ = {isa = PBXFileReference; lastKnownFileType = sourcecode.swift; path = Authentication.swift; sourceTree = "<group>"; };
		03FA3A292935420A005BF200 /* LoginView.swift */ = {isa = PBXFileReference; lastKnownFileType = sourcecode.swift; path = LoginView.swift; sourceTree = "<group>"; };
		03FA3A2B293542A4005BF200 /* LoginViewModel.swift */ = {isa = PBXFileReference; lastKnownFileType = sourcecode.swift; path = LoginViewModel.swift; sourceTree = "<group>"; };
		07E2EDCE81191E3A43248544 /* Pods-QuickThoughtsTests.release.xcconfig */ = {isa = PBXFileReference; includeInIndex = 1; lastKnownFileType = text.xcconfig; name = "Pods-QuickThoughtsTests.release.xcconfig"; path = "Target Support Files/Pods-QuickThoughtsTests/Pods-QuickThoughtsTests.release.xcconfig"; sourceTree = "<group>"; };
		359647BD4052E4356A8BA607 /* Pods_QuickThoughtsTests.framework */ = {isa = PBXFileReference; explicitFileType = wrapper.framework; includeInIndex = 0; path = Pods_QuickThoughtsTests.framework; sourceTree = BUILT_PRODUCTS_DIR; };
		4CA4A1E863D15B39F7C0F8A5 /* Pods-QuickThoughts-QuickThoughtsUITests.debug.xcconfig */ = {isa = PBXFileReference; includeInIndex = 1; lastKnownFileType = text.xcconfig; name = "Pods-QuickThoughts-QuickThoughtsUITests.debug.xcconfig"; path = "Target Support Files/Pods-QuickThoughts-QuickThoughtsUITests/Pods-QuickThoughts-QuickThoughtsUITests.debug.xcconfig"; sourceTree = "<group>"; };
		7CDCA8F0E4893D619C2E5063 /* Pods-QuickThoughts.debug.xcconfig */ = {isa = PBXFileReference; includeInIndex = 1; lastKnownFileType = text.xcconfig; name = "Pods-QuickThoughts.debug.xcconfig"; path = "Target Support Files/Pods-QuickThoughts/Pods-QuickThoughts.debug.xcconfig"; sourceTree = "<group>"; };
		8D0D0DE158AC317556AFAEC0 /* Pods-QuickThoughts.release.xcconfig */ = {isa = PBXFileReference; includeInIndex = 1; lastKnownFileType = text.xcconfig; name = "Pods-QuickThoughts.release.xcconfig"; path = "Target Support Files/Pods-QuickThoughts/Pods-QuickThoughts.release.xcconfig"; sourceTree = "<group>"; };
		A2122FC4A32BC6DA6D7E5B2C /* Pods-QuickThoughts-QuickThoughtsUITests.release.xcconfig */ = {isa = PBXFileReference; includeInIndex = 1; lastKnownFileType = text.xcconfig; name = "Pods-QuickThoughts-QuickThoughtsUITests.release.xcconfig"; path = "Target Support Files/Pods-QuickThoughts-QuickThoughtsUITests/Pods-QuickThoughts-QuickThoughtsUITests.release.xcconfig"; sourceTree = "<group>"; };
		C640D093A02404FC44C3FE69 /* Pods-QuickThoughtsTests.debug.xcconfig */ = {isa = PBXFileReference; includeInIndex = 1; lastKnownFileType = text.xcconfig; name = "Pods-QuickThoughtsTests.debug.xcconfig"; path = "Target Support Files/Pods-QuickThoughtsTests/Pods-QuickThoughtsTests.debug.xcconfig"; sourceTree = "<group>"; };
		C9DFB34DF471582522282C74 /* Pods_QuickThoughts_QuickThoughtsUITests.framework */ = {isa = PBXFileReference; explicitFileType = wrapper.framework; includeInIndex = 0; path = Pods_QuickThoughts_QuickThoughtsUITests.framework; sourceTree = BUILT_PRODUCTS_DIR; };
		F63B6169623AAF7D05864BBD /* Pods_QuickThoughts.framework */ = {isa = PBXFileReference; explicitFileType = wrapper.framework; includeInIndex = 0; path = Pods_QuickThoughts.framework; sourceTree = BUILT_PRODUCTS_DIR; };
/* End PBXFileReference section */

/* Begin PBXFrameworksBuildPhase section */
		03FA39EB29353761005BF200 /* Frameworks */ = {
			isa = PBXFrameworksBuildPhase;
			buildActionMask = 2147483647;
			files = (
				6A59E3A67C6AB5CA9A9AC970 /* Pods_QuickThoughts.framework in Frameworks */,
			);
			runOnlyForDeploymentPostprocessing = 0;
		};
		03FA3A0029353763005BF200 /* Frameworks */ = {
			isa = PBXFrameworksBuildPhase;
			buildActionMask = 2147483647;
			files = (
				A463405BE0D64B01114F7C4F /* Pods_QuickThoughtsTests.framework in Frameworks */,
			);
			runOnlyForDeploymentPostprocessing = 0;
		};
		03FA3A0A29353763005BF200 /* Frameworks */ = {
			isa = PBXFrameworksBuildPhase;
			buildActionMask = 2147483647;
			files = (
				98EEBABC15A307A928A6D7C8 /* Pods_QuickThoughts_QuickThoughtsUITests.framework in Frameworks */,
			);
			runOnlyForDeploymentPostprocessing = 0;
		};
/* End PBXFrameworksBuildPhase section */

/* Begin PBXGroup section */
		03564B35293E77E500676ABD /* NavigationView */ = {
			isa = PBXGroup;
			children = (
				03564B36293E782F00676ABD /* CustomNavBarContainer.swift */,
				03564B38293E782F00676ABD /* CustomNavigationView.swift */,
				03564B37293E782F00676ABD /* CustomNavLink.swift */,
				03564B39293E782F00676ABD /* navBar.swift */,
				03564B3A293E782F00676ABD /* NavBarKeys.swift */,
			);
			path = NavigationView;
			sourceTree = "<group>";
		};
		03B71C502936DDED004204B7 /* Core */ = {
			isa = PBXGroup;
			children = (
				03FA3A2729354019005BF200 /* Authentication.swift */,
				03B71C4E2936DDE8004204B7 /* ErrorHandler.swift */,
				03564B33293E77A400676ABD /* MainView.swift */,
			);
			path = Core;
			sourceTree = "<group>";
		};
		03C1585729491E0200CE3505 /* Timeline */ = {
			isa = PBXGroup;
			children = (
				03C1585829491E1F00CE3505 /* TimelineView.swift */,
				03C1585E294936EF00CE3505 /* TimelineQuickTView.swift */,
			);
			path = Timeline;
			sourceTree = "<group>";
		};
		03F66784294D2E93000D3105 /* Storage */ = {
			isa = PBXGroup;
			children = (
				03F66785294D2ECD000D3105 /* UserStorage.swift */,
				03BAA7EB29604B4F00878D0B /* QuickTStorage.swift */,
			);
			path = Storage;
			sourceTree = "<group>";
		};
		03FA39E529353761005BF200 = {
			isa = PBXGroup;
			children = (
				03FA39F029353761005BF200 /* QuickThoughts */,
				03FA3A0629353763005BF200 /* QuickThoughtsTests */,
				03FA3A1029353763005BF200 /* QuickThoughtsUITests */,
				03FA39EF29353761005BF200 /* Products */,
				DB834C5C5BB2CF7CA32B4799 /* Pods */,
				1CE1706102F59043BA889671 /* Frameworks */,
			);
			sourceTree = "<group>";
		};
		03FA39EF29353761005BF200 /* Products */ = {
			isa = PBXGroup;
			children = (
				03FA39EE29353761005BF200 /* QuickThoughts.app */,
				03FA3A0329353763005BF200 /* QuickThoughtsTests.xctest */,
				03FA3A0D29353763005BF200 /* QuickThoughtsUITests.xctest */,
			);
			name = Products;
			sourceTree = "<group>";
		};
		03FA39F029353761005BF200 /* QuickThoughts */ = {
			isa = PBXGroup;
			children = (
				03FA39F129353761005BF200 /* QuickThoughtsApp.swift */,
				03B71C502936DDED004204B7 /* Core */,
				03FA3A212935393F005BF200 /* View */,
				03FA3A222935394E005BF200 /* ViewModel */,
				03FA3A2029353938005BF200 /* Model */,
				03F66784294D2E93000D3105 /* Storage */,
				03FA39F529353763005BF200 /* Assets.xcassets */,
				03FA39FA29353763005BF200 /* Persistence.swift */,
				03FA39FC29353763005BF200 /* QuickThoughts.xcdatamodeld */,
				03FA39F729353763005BF200 /* Preview Content */,
			);
			path = QuickThoughts;
			sourceTree = "<group>";
		};
		03FA39F729353763005BF200 /* Preview Content */ = {
			isa = PBXGroup;
			children = (
				03FA39F829353763005BF200 /* Preview Assets.xcassets */,
			);
			path = "Preview Content";
			sourceTree = "<group>";
		};
		03FA3A0629353763005BF200 /* QuickThoughtsTests */ = {
			isa = PBXGroup;
			children = (
				03FA3A0729353763005BF200 /* QuickThoughtsTests.swift */,
			);
			path = QuickThoughtsTests;
			sourceTree = "<group>";
		};
		03FA3A1029353763005BF200 /* QuickThoughtsUITests */ = {
			isa = PBXGroup;
			children = (
				03FA3A1129353763005BF200 /* QuickThoughtsUITests.swift */,
				03FA3A1329353763005BF200 /* QuickThoughtsUITestsLaunchTests.swift */,
			);
			path = QuickThoughtsUITests;
			sourceTree = "<group>";
		};
		03FA3A2029353938005BF200 /* Model */ = {
			isa = PBXGroup;
			children = (
				03B71C512936E257004204B7 /* UserT.swift */,
				03C1585C2949206400CE3505 /* QuickT.swift */,
				03BB298E295F151400931908 /* User.swift */,
			);
			path = Model;
			sourceTree = "<group>";
		};
		03FA3A212935393F005BF200 /* View */ = {
			isa = PBXGroup;
			children = (
				03FA3A292935420A005BF200 /* LoginView.swift */,
				03C158602949376700CE3505 /* QuickTView.swift */,
				03C1585729491E0200CE3505 /* Timeline */,
				03564B35293E77E500676ABD /* NavigationView */,
			);
			path = View;
			sourceTree = "<group>";
		};
		03FA3A222935394E005BF200 /* ViewModel */ = {
			isa = PBXGroup;
			children = (
				03FA3A2B293542A4005BF200 /* LoginViewModel.swift */,
				03C1585A29491FD500CE3505 /* TimelineViewModel.swift */,
			);
			path = ViewModel;
			sourceTree = "<group>";
		};
		1CE1706102F59043BA889671 /* Frameworks */ = {
			isa = PBXGroup;
			children = (
				F63B6169623AAF7D05864BBD /* Pods_QuickThoughts.framework */,
				C9DFB34DF471582522282C74 /* Pods_QuickThoughts_QuickThoughtsUITests.framework */,
				359647BD4052E4356A8BA607 /* Pods_QuickThoughtsTests.framework */,
			);
			name = Frameworks;
			sourceTree = "<group>";
		};
		DB834C5C5BB2CF7CA32B4799 /* Pods */ = {
			isa = PBXGroup;
			children = (
				7CDCA8F0E4893D619C2E5063 /* Pods-QuickThoughts.debug.xcconfig */,
				8D0D0DE158AC317556AFAEC0 /* Pods-QuickThoughts.release.xcconfig */,
				4CA4A1E863D15B39F7C0F8A5 /* Pods-QuickThoughts-QuickThoughtsUITests.debug.xcconfig */,
				A2122FC4A32BC6DA6D7E5B2C /* Pods-QuickThoughts-QuickThoughtsUITests.release.xcconfig */,
				C640D093A02404FC44C3FE69 /* Pods-QuickThoughtsTests.debug.xcconfig */,
				07E2EDCE81191E3A43248544 /* Pods-QuickThoughtsTests.release.xcconfig */,
			);
			path = Pods;
			sourceTree = "<group>";
		};
/* End PBXGroup section */

/* Begin PBXNativeTarget section */
		03FA39ED29353761005BF200 /* QuickThoughts */ = {
			isa = PBXNativeTarget;
			buildConfigurationList = 03FA3A1729353763005BF200 /* Build configuration list for PBXNativeTarget "QuickThoughts" */;
			buildPhases = (
				5284B23BED360D1B52D754CE /* [CP] Check Pods Manifest.lock */,
				03FA39EA29353761005BF200 /* Sources */,
				03FA39EB29353761005BF200 /* Frameworks */,
				03FA39EC29353761005BF200 /* Resources */,
				ADB2E9A245719244EC6A3804 /* [CP] Embed Pods Frameworks */,
			);
			buildRules = (
			);
			dependencies = (
			);
			name = QuickThoughts;
			productName = QuickThoughts;
			productReference = 03FA39EE29353761005BF200 /* QuickThoughts.app */;
			productType = "com.apple.product-type.application";
		};
		03FA3A0229353763005BF200 /* QuickThoughtsTests */ = {
			isa = PBXNativeTarget;
			buildConfigurationList = 03FA3A1A29353763005BF200 /* Build configuration list for PBXNativeTarget "QuickThoughtsTests" */;
			buildPhases = (
				85BB444E9733D0D940B9A387 /* [CP] Check Pods Manifest.lock */,
				03FA39FF29353763005BF200 /* Sources */,
				03FA3A0029353763005BF200 /* Frameworks */,
				03FA3A0129353763005BF200 /* Resources */,
			);
			buildRules = (
			);
			dependencies = (
				03FA3A0529353763005BF200 /* PBXTargetDependency */,
			);
			name = QuickThoughtsTests;
			productName = QuickThoughtsTests;
			productReference = 03FA3A0329353763005BF200 /* QuickThoughtsTests.xctest */;
			productType = "com.apple.product-type.bundle.unit-test";
		};
		03FA3A0C29353763005BF200 /* QuickThoughtsUITests */ = {
			isa = PBXNativeTarget;
			buildConfigurationList = 03FA3A1D29353763005BF200 /* Build configuration list for PBXNativeTarget "QuickThoughtsUITests" */;
			buildPhases = (
				904F0E61494B9957ED41D5BB /* [CP] Check Pods Manifest.lock */,
				03FA3A0929353763005BF200 /* Sources */,
				03FA3A0A29353763005BF200 /* Frameworks */,
				03FA3A0B29353763005BF200 /* Resources */,
				1B5E8AF0E9EC26541FBE727E /* [CP] Embed Pods Frameworks */,
			);
			buildRules = (
			);
			dependencies = (
				03FA3A0F29353763005BF200 /* PBXTargetDependency */,
			);
			name = QuickThoughtsUITests;
			productName = QuickThoughtsUITests;
			productReference = 03FA3A0D29353763005BF200 /* QuickThoughtsUITests.xctest */;
			productType = "com.apple.product-type.bundle.ui-testing";
		};
/* End PBXNativeTarget section */

/* Begin PBXProject section */
		03FA39E629353761005BF200 /* Project object */ = {
			isa = PBXProject;
			attributes = {
				BuildIndependentTargetsInParallel = 1;
				LastSwiftUpdateCheck = 1410;
				LastUpgradeCheck = 1410;
				TargetAttributes = {
					03FA39ED29353761005BF200 = {
						CreatedOnToolsVersion = 14.1;
					};
					03FA3A0229353763005BF200 = {
						CreatedOnToolsVersion = 14.1;
						TestTargetID = 03FA39ED29353761005BF200;
					};
					03FA3A0C29353763005BF200 = {
						CreatedOnToolsVersion = 14.1;
						TestTargetID = 03FA39ED29353761005BF200;
					};
				};
			};
			buildConfigurationList = 03FA39E929353761005BF200 /* Build configuration list for PBXProject "QuickThoughts" */;
			compatibilityVersion = "Xcode 14.0";
			developmentRegion = en;
			hasScannedForEncodings = 0;
			knownRegions = (
				en,
				Base,
			);
			mainGroup = 03FA39E529353761005BF200;
			productRefGroup = 03FA39EF29353761005BF200 /* Products */;
			projectDirPath = "";
			projectRoot = "";
			targets = (
				03FA39ED29353761005BF200 /* QuickThoughts */,
				03FA3A0229353763005BF200 /* QuickThoughtsTests */,
				03FA3A0C29353763005BF200 /* QuickThoughtsUITests */,
			);
		};
/* End PBXProject section */

/* Begin PBXResourcesBuildPhase section */
		03FA39EC29353761005BF200 /* Resources */ = {
			isa = PBXResourcesBuildPhase;
			buildActionMask = 2147483647;
			files = (
				03FA39F929353763005BF200 /* Preview Assets.xcassets in Resources */,
				03FA39F629353763005BF200 /* Assets.xcassets in Resources */,
			);
			runOnlyForDeploymentPostprocessing = 0;
		};
		03FA3A0129353763005BF200 /* Resources */ = {
			isa = PBXResourcesBuildPhase;
			buildActionMask = 2147483647;
			files = (
			);
			runOnlyForDeploymentPostprocessing = 0;
		};
		03FA3A0B29353763005BF200 /* Resources */ = {
			isa = PBXResourcesBuildPhase;
			buildActionMask = 2147483647;
			files = (
			);
			runOnlyForDeploymentPostprocessing = 0;
		};
/* End PBXResourcesBuildPhase section */

/* Begin PBXShellScriptBuildPhase section */
		1B5E8AF0E9EC26541FBE727E /* [CP] Embed Pods Frameworks */ = {
			isa = PBXShellScriptBuildPhase;
			buildActionMask = 2147483647;
			files = (
			);
			inputFileListPaths = (
				"${PODS_ROOT}/Target Support Files/Pods-QuickThoughts-QuickThoughtsUITests/Pods-QuickThoughts-QuickThoughtsUITests-frameworks-${CONFIGURATION}-input-files.xcfilelist",
			);
			name = "[CP] Embed Pods Frameworks";
			outputFileListPaths = (
				"${PODS_ROOT}/Target Support Files/Pods-QuickThoughts-QuickThoughtsUITests/Pods-QuickThoughts-QuickThoughtsUITests-frameworks-${CONFIGURATION}-output-files.xcfilelist",
			);
			runOnlyForDeploymentPostprocessing = 0;
			shellPath = /bin/sh;
			shellScript = "\"${PODS_ROOT}/Target Support Files/Pods-QuickThoughts-QuickThoughtsUITests/Pods-QuickThoughts-QuickThoughtsUITests-frameworks.sh\"\n";
			showEnvVarsInLog = 0;
		};
		5284B23BED360D1B52D754CE /* [CP] Check Pods Manifest.lock */ = {
			isa = PBXShellScriptBuildPhase;
			buildActionMask = 2147483647;
			files = (
			);
			inputFileListPaths = (
			);
			inputPaths = (
				"${PODS_PODFILE_DIR_PATH}/Podfile.lock",
				"${PODS_ROOT}/Manifest.lock",
			);
			name = "[CP] Check Pods Manifest.lock";
			outputFileListPaths = (
			);
			outputPaths = (
				"$(DERIVED_FILE_DIR)/Pods-QuickThoughts-checkManifestLockResult.txt",
			);
			runOnlyForDeploymentPostprocessing = 0;
			shellPath = /bin/sh;
			shellScript = "diff \"${PODS_PODFILE_DIR_PATH}/Podfile.lock\" \"${PODS_ROOT}/Manifest.lock\" > /dev/null\nif [ $? != 0 ] ; then\n    # print error to STDERR\n    echo \"error: The sandbox is not in sync with the Podfile.lock. Run 'pod install' or update your CocoaPods installation.\" >&2\n    exit 1\nfi\n# This output is used by Xcode 'outputs' to avoid re-running this script phase.\necho \"SUCCESS\" > \"${SCRIPT_OUTPUT_FILE_0}\"\n";
			showEnvVarsInLog = 0;
		};
		85BB444E9733D0D940B9A387 /* [CP] Check Pods Manifest.lock */ = {
			isa = PBXShellScriptBuildPhase;
			buildActionMask = 2147483647;
			files = (
			);
			inputFileListPaths = (
			);
			inputPaths = (
				"${PODS_PODFILE_DIR_PATH}/Podfile.lock",
				"${PODS_ROOT}/Manifest.lock",
			);
			name = "[CP] Check Pods Manifest.lock";
			outputFileListPaths = (
			);
			outputPaths = (
				"$(DERIVED_FILE_DIR)/Pods-QuickThoughtsTests-checkManifestLockResult.txt",
			);
			runOnlyForDeploymentPostprocessing = 0;
			shellPath = /bin/sh;
			shellScript = "diff \"${PODS_PODFILE_DIR_PATH}/Podfile.lock\" \"${PODS_ROOT}/Manifest.lock\" > /dev/null\nif [ $? != 0 ] ; then\n    # print error to STDERR\n    echo \"error: The sandbox is not in sync with the Podfile.lock. Run 'pod install' or update your CocoaPods installation.\" >&2\n    exit 1\nfi\n# This output is used by Xcode 'outputs' to avoid re-running this script phase.\necho \"SUCCESS\" > \"${SCRIPT_OUTPUT_FILE_0}\"\n";
			showEnvVarsInLog = 0;
		};
		904F0E61494B9957ED41D5BB /* [CP] Check Pods Manifest.lock */ = {
			isa = PBXShellScriptBuildPhase;
			buildActionMask = 2147483647;
			files = (
			);
			inputFileListPaths = (
			);
			inputPaths = (
				"${PODS_PODFILE_DIR_PATH}/Podfile.lock",
				"${PODS_ROOT}/Manifest.lock",
			);
			name = "[CP] Check Pods Manifest.lock";
			outputFileListPaths = (
			);
			outputPaths = (
				"$(DERIVED_FILE_DIR)/Pods-QuickThoughts-QuickThoughtsUITests-checkManifestLockResult.txt",
			);
			runOnlyForDeploymentPostprocessing = 0;
			shellPath = /bin/sh;
			shellScript = "diff \"${PODS_PODFILE_DIR_PATH}/Podfile.lock\" \"${PODS_ROOT}/Manifest.lock\" > /dev/null\nif [ $? != 0 ] ; then\n    # print error to STDERR\n    echo \"error: The sandbox is not in sync with the Podfile.lock. Run 'pod install' or update your CocoaPods installation.\" >&2\n    exit 1\nfi\n# This output is used by Xcode 'outputs' to avoid re-running this script phase.\necho \"SUCCESS\" > \"${SCRIPT_OUTPUT_FILE_0}\"\n";
			showEnvVarsInLog = 0;
		};
		ADB2E9A245719244EC6A3804 /* [CP] Embed Pods Frameworks */ = {
			isa = PBXShellScriptBuildPhase;
			buildActionMask = 2147483647;
			files = (
			);
			inputFileListPaths = (
				"${PODS_ROOT}/Target Support Files/Pods-QuickThoughts/Pods-QuickThoughts-frameworks-${CONFIGURATION}-input-files.xcfilelist",
			);
			name = "[CP] Embed Pods Frameworks";
			outputFileListPaths = (
				"${PODS_ROOT}/Target Support Files/Pods-QuickThoughts/Pods-QuickThoughts-frameworks-${CONFIGURATION}-output-files.xcfilelist",
			);
			runOnlyForDeploymentPostprocessing = 0;
			shellPath = /bin/sh;
			shellScript = "\"${PODS_ROOT}/Target Support Files/Pods-QuickThoughts/Pods-QuickThoughts-frameworks.sh\"\n";
			showEnvVarsInLog = 0;
		};
/* End PBXShellScriptBuildPhase section */

/* Begin PBXSourcesBuildPhase section */
		03FA39EA29353761005BF200 /* Sources */ = {
			isa = PBXSourcesBuildPhase;
			buildActionMask = 2147483647;
			files = (
				03FA3A2A2935420A005BF200 /* LoginView.swift in Sources */,
				03564B34293E77A400676ABD /* MainView.swift in Sources */,
				03564B3B293E782F00676ABD /* CustomNavBarContainer.swift in Sources */,
				03564B3F293E782F00676ABD /* NavBarKeys.swift in Sources */,
				03F66786294D2ECD000D3105 /* UserStorage.swift in Sources */,
				03C158612949376700CE3505 /* QuickTView.swift in Sources */,
				03564B3D293E782F00676ABD /* CustomNavigationView.swift in Sources */,
				03C1585B29491FD500CE3505 /* TimelineViewModel.swift in Sources */,
				03B71C4F2936DDE8004204B7 /* ErrorHandler.swift in Sources */,
				03FA39FB29353763005BF200 /* Persistence.swift in Sources */,
				03BAA7EC29604B4F00878D0B /* QuickTStorage.swift in Sources */,
				03FA39FE29353763005BF200 /* QuickThoughts.xcdatamodeld in Sources */,
				03FA3A2829354019005BF200 /* Authentication.swift in Sources */,
				03C1585D2949206400CE3505 /* QuickT.swift in Sources */,
				03564B3E293E782F00676ABD /* navBar.swift in Sources */,
				03FA39F229353761005BF200 /* QuickThoughtsApp.swift in Sources */,
				03564B3C293E782F00676ABD /* CustomNavLink.swift in Sources */,
				03FA3A2C293542A4005BF200 /* LoginViewModel.swift in Sources */,
				03C1585929491E1F00CE3505 /* TimelineView.swift in Sources */,
				03C1585F294936EF00CE3505 /* TimelineQuickTView.swift in Sources */,
				03B71C522936E257004204B7 /* UserT.swift in Sources */,
				03BB298F295F151400931908 /* User.swift in Sources */,
			);
			runOnlyForDeploymentPostprocessing = 0;
		};
		03FA39FF29353763005BF200 /* Sources */ = {
			isa = PBXSourcesBuildPhase;
			buildActionMask = 2147483647;
			files = (
				03FA3A0829353763005BF200 /* QuickThoughtsTests.swift in Sources */,
			);
			runOnlyForDeploymentPostprocessing = 0;
		};
		03FA3A0929353763005BF200 /* Sources */ = {
			isa = PBXSourcesBuildPhase;
			buildActionMask = 2147483647;
			files = (
				03FA3A1429353763005BF200 /* QuickThoughtsUITestsLaunchTests.swift in Sources */,
				03FA3A1229353763005BF200 /* QuickThoughtsUITests.swift in Sources */,
			);
			runOnlyForDeploymentPostprocessing = 0;
		};
/* End PBXSourcesBuildPhase section */

/* Begin PBXTargetDependency section */
		03FA3A0529353763005BF200 /* PBXTargetDependency */ = {
			isa = PBXTargetDependency;
			target = 03FA39ED29353761005BF200 /* QuickThoughts */;
			targetProxy = 03FA3A0429353763005BF200 /* PBXContainerItemProxy */;
		};
		03FA3A0F29353763005BF200 /* PBXTargetDependency */ = {
			isa = PBXTargetDependency;
			target = 03FA39ED29353761005BF200 /* QuickThoughts */;
			targetProxy = 03FA3A0E29353763005BF200 /* PBXContainerItemProxy */;
		};
/* End PBXTargetDependency section */

/* Begin XCBuildConfiguration section */
		03FA3A1529353763005BF200 /* Debug */ = {
			isa = XCBuildConfiguration;
			buildSettings = {
				ALWAYS_SEARCH_USER_PATHS = NO;
				CLANG_ANALYZER_NONNULL = YES;
				CLANG_ANALYZER_NUMBER_OBJECT_CONVERSION = YES_AGGRESSIVE;
				CLANG_CXX_LANGUAGE_STANDARD = "gnu++20";
				CLANG_ENABLE_MODULES = YES;
				CLANG_ENABLE_OBJC_ARC = YES;
				CLANG_ENABLE_OBJC_WEAK = YES;
				CLANG_WARN_BLOCK_CAPTURE_AUTORELEASING = YES;
				CLANG_WARN_BOOL_CONVERSION = YES;
				CLANG_WARN_COMMA = YES;
				CLANG_WARN_CONSTANT_CONVERSION = YES;
				CLANG_WARN_DEPRECATED_OBJC_IMPLEMENTATIONS = YES;
				CLANG_WARN_DIRECT_OBJC_ISA_USAGE = YES_ERROR;
				CLANG_WARN_DOCUMENTATION_COMMENTS = YES;
				CLANG_WARN_EMPTY_BODY = YES;
				CLANG_WARN_ENUM_CONVERSION = YES;
				CLANG_WARN_INFINITE_RECURSION = YES;
				CLANG_WARN_INT_CONVERSION = YES;
				CLANG_WARN_NON_LITERAL_NULL_CONVERSION = YES;
				CLANG_WARN_OBJC_IMPLICIT_RETAIN_SELF = YES;
				CLANG_WARN_OBJC_LITERAL_CONVERSION = YES;
				CLANG_WARN_OBJC_ROOT_CLASS = YES_ERROR;
				CLANG_WARN_QUOTED_INCLUDE_IN_FRAMEWORK_HEADER = YES;
				CLANG_WARN_RANGE_LOOP_ANALYSIS = YES;
				CLANG_WARN_STRICT_PROTOTYPES = YES;
				CLANG_WARN_SUSPICIOUS_MOVE = YES;
				CLANG_WARN_UNGUARDED_AVAILABILITY = YES_AGGRESSIVE;
				CLANG_WARN_UNREACHABLE_CODE = YES;
				CLANG_WARN__DUPLICATE_METHOD_MATCH = YES;
				COPY_PHASE_STRIP = NO;
				DEBUG_INFORMATION_FORMAT = dwarf;
				ENABLE_STRICT_OBJC_MSGSEND = YES;
				ENABLE_TESTABILITY = YES;
				GCC_C_LANGUAGE_STANDARD = gnu11;
				GCC_DYNAMIC_NO_PIC = NO;
				GCC_NO_COMMON_BLOCKS = YES;
				GCC_OPTIMIZATION_LEVEL = 0;
				GCC_PREPROCESSOR_DEFINITIONS = (
					"DEBUG=1",
					"$(inherited)",
				);
				GCC_WARN_64_TO_32_BIT_CONVERSION = YES;
				GCC_WARN_ABOUT_RETURN_TYPE = YES_ERROR;
				GCC_WARN_UNDECLARED_SELECTOR = YES;
				GCC_WARN_UNINITIALIZED_AUTOS = YES_AGGRESSIVE;
				GCC_WARN_UNUSED_FUNCTION = YES;
				GCC_WARN_UNUSED_VARIABLE = YES;
				IPHONEOS_DEPLOYMENT_TARGET = 16.1;
				MTL_ENABLE_DEBUG_INFO = INCLUDE_SOURCE;
				MTL_FAST_MATH = YES;
				ONLY_ACTIVE_ARCH = YES;
				SDKROOT = iphoneos;
				SWIFT_ACTIVE_COMPILATION_CONDITIONS = DEBUG;
				SWIFT_OPTIMIZATION_LEVEL = "-Onone";
			};
			name = Debug;
		};
		03FA3A1629353763005BF200 /* Release */ = {
			isa = XCBuildConfiguration;
			buildSettings = {
				ALWAYS_SEARCH_USER_PATHS = NO;
				CLANG_ANALYZER_NONNULL = YES;
				CLANG_ANALYZER_NUMBER_OBJECT_CONVERSION = YES_AGGRESSIVE;
				CLANG_CXX_LANGUAGE_STANDARD = "gnu++20";
				CLANG_ENABLE_MODULES = YES;
				CLANG_ENABLE_OBJC_ARC = YES;
				CLANG_ENABLE_OBJC_WEAK = YES;
				CLANG_WARN_BLOCK_CAPTURE_AUTORELEASING = YES;
				CLANG_WARN_BOOL_CONVERSION = YES;
				CLANG_WARN_COMMA = YES;
				CLANG_WARN_CONSTANT_CONVERSION = YES;
				CLANG_WARN_DEPRECATED_OBJC_IMPLEMENTATIONS = YES;
				CLANG_WARN_DIRECT_OBJC_ISA_USAGE = YES_ERROR;
				CLANG_WARN_DOCUMENTATION_COMMENTS = YES;
				CLANG_WARN_EMPTY_BODY = YES;
				CLANG_WARN_ENUM_CONVERSION = YES;
				CLANG_WARN_INFINITE_RECURSION = YES;
				CLANG_WARN_INT_CONVERSION = YES;
				CLANG_WARN_NON_LITERAL_NULL_CONVERSION = YES;
				CLANG_WARN_OBJC_IMPLICIT_RETAIN_SELF = YES;
				CLANG_WARN_OBJC_LITERAL_CONVERSION = YES;
				CLANG_WARN_OBJC_ROOT_CLASS = YES_ERROR;
				CLANG_WARN_QUOTED_INCLUDE_IN_FRAMEWORK_HEADER = YES;
				CLANG_WARN_RANGE_LOOP_ANALYSIS = YES;
				CLANG_WARN_STRICT_PROTOTYPES = YES;
				CLANG_WARN_SUSPICIOUS_MOVE = YES;
				CLANG_WARN_UNGUARDED_AVAILABILITY = YES_AGGRESSIVE;
				CLANG_WARN_UNREACHABLE_CODE = YES;
				CLANG_WARN__DUPLICATE_METHOD_MATCH = YES;
				COPY_PHASE_STRIP = NO;
				DEBUG_INFORMATION_FORMAT = "dwarf-with-dsym";
				ENABLE_NS_ASSERTIONS = NO;
				ENABLE_STRICT_OBJC_MSGSEND = YES;
				GCC_C_LANGUAGE_STANDARD = gnu11;
				GCC_NO_COMMON_BLOCKS = YES;
				GCC_WARN_64_TO_32_BIT_CONVERSION = YES;
				GCC_WARN_ABOUT_RETURN_TYPE = YES_ERROR;
				GCC_WARN_UNDECLARED_SELECTOR = YES;
				GCC_WARN_UNINITIALIZED_AUTOS = YES_AGGRESSIVE;
				GCC_WARN_UNUSED_FUNCTION = YES;
				GCC_WARN_UNUSED_VARIABLE = YES;
				IPHONEOS_DEPLOYMENT_TARGET = 16.1;
				MTL_ENABLE_DEBUG_INFO = NO;
				MTL_FAST_MATH = YES;
				SDKROOT = iphoneos;
				SWIFT_COMPILATION_MODE = wholemodule;
				SWIFT_OPTIMIZATION_LEVEL = "-O";
				VALIDATE_PRODUCT = YES;
			};
			name = Release;
		};
		03FA3A1829353763005BF200 /* Debug */ = {
			isa = XCBuildConfiguration;
			baseConfigurationReference = 7CDCA8F0E4893D619C2E5063 /* Pods-QuickThoughts.debug.xcconfig */;
			buildSettings = {
				ASSETCATALOG_COMPILER_APPICON_NAME = AppIcon;
				ASSETCATALOG_COMPILER_GLOBAL_ACCENT_COLOR_NAME = AccentColor;
				CODE_SIGN_STYLE = Automatic;
				CURRENT_PROJECT_VERSION = 1;
				DEVELOPMENT_ASSET_PATHS = "\"QuickThoughts/Preview Content\"";
				DEVELOPMENT_TEAM = XAA77AEW3J;
				ENABLE_PREVIEWS = YES;
				GENERATE_INFOPLIST_FILE = YES;
				INFOPLIST_KEY_UIApplicationSceneManifest_Generation = YES;
				INFOPLIST_KEY_UIApplicationSupportsIndirectInputEvents = YES;
				INFOPLIST_KEY_UILaunchScreen_Generation = YES;
				INFOPLIST_KEY_UISupportedInterfaceOrientations_iPad = "UIInterfaceOrientationPortrait UIInterfaceOrientationPortraitUpsideDown UIInterfaceOrientationLandscapeLeft UIInterfaceOrientationLandscapeRight";
				INFOPLIST_KEY_UISupportedInterfaceOrientations_iPhone = "UIInterfaceOrientationPortrait UIInterfaceOrientationLandscapeLeft UIInterfaceOrientationLandscapeRight";
				LD_RUNPATH_SEARCH_PATHS = (
					"$(inherited)",
					"@executable_path/Frameworks",
				);
				MARKETING_VERSION = 1.0;
				PRODUCT_BUNDLE_IDENTIFIER = Cl0ud7.QuickThoughts;
				PRODUCT_NAME = "$(TARGET_NAME)";
				SWIFT_EMIT_LOC_STRINGS = YES;
				SWIFT_VERSION = 5.0;
				TARGETED_DEVICE_FAMILY = "1,2";
			};
			name = Debug;
		};
		03FA3A1929353763005BF200 /* Release */ = {
			isa = XCBuildConfiguration;
			baseConfigurationReference = 8D0D0DE158AC317556AFAEC0 /* Pods-QuickThoughts.release.xcconfig */;
			buildSettings = {
				ASSETCATALOG_COMPILER_APPICON_NAME = AppIcon;
				ASSETCATALOG_COMPILER_GLOBAL_ACCENT_COLOR_NAME = AccentColor;
				CODE_SIGN_STYLE = Automatic;
				CURRENT_PROJECT_VERSION = 1;
				DEVELOPMENT_ASSET_PATHS = "\"QuickThoughts/Preview Content\"";
				DEVELOPMENT_TEAM = XAA77AEW3J;
				ENABLE_PREVIEWS = YES;
				GENERATE_INFOPLIST_FILE = YES;
				INFOPLIST_KEY_UIApplicationSceneManifest_Generation = YES;
				INFOPLIST_KEY_UIApplicationSupportsIndirectInputEvents = YES;
				INFOPLIST_KEY_UILaunchScreen_Generation = YES;
				INFOPLIST_KEY_UISupportedInterfaceOrientations_iPad = "UIInterfaceOrientationPortrait UIInterfaceOrientationPortraitUpsideDown UIInterfaceOrientationLandscapeLeft UIInterfaceOrientationLandscapeRight";
				INFOPLIST_KEY_UISupportedInterfaceOrientations_iPhone = "UIInterfaceOrientationPortrait UIInterfaceOrientationLandscapeLeft UIInterfaceOrientationLandscapeRight";
				LD_RUNPATH_SEARCH_PATHS = (
					"$(inherited)",
					"@executable_path/Frameworks",
				);
				MARKETING_VERSION = 1.0;
				PRODUCT_BUNDLE_IDENTIFIER = Cl0ud7.QuickThoughts;
				PRODUCT_NAME = "$(TARGET_NAME)";
				SWIFT_EMIT_LOC_STRINGS = YES;
				SWIFT_VERSION = 5.0;
				TARGETED_DEVICE_FAMILY = "1,2";
			};
			name = Release;
		};
		03FA3A1B29353763005BF200 /* Debug */ = {
			isa = XCBuildConfiguration;
			baseConfigurationReference = C640D093A02404FC44C3FE69 /* Pods-QuickThoughtsTests.debug.xcconfig */;
			buildSettings = {
				ALWAYS_EMBED_SWIFT_STANDARD_LIBRARIES = YES;
				BUNDLE_LOADER = "$(TEST_HOST)";
				CODE_SIGN_STYLE = Automatic;
				CURRENT_PROJECT_VERSION = 1;
				DEVELOPMENT_TEAM = XAA77AEW3J;
				GENERATE_INFOPLIST_FILE = YES;
				IPHONEOS_DEPLOYMENT_TARGET = 16.1;
				MARKETING_VERSION = 1.0;
				PRODUCT_BUNDLE_IDENTIFIER = Cl0ud7.QuickThoughtsTests;
				PRODUCT_NAME = "$(TARGET_NAME)";
				SWIFT_EMIT_LOC_STRINGS = NO;
				SWIFT_VERSION = 5.0;
				TARGETED_DEVICE_FAMILY = "1,2";
				TEST_HOST = "$(BUILT_PRODUCTS_DIR)/QuickThoughts.app/$(BUNDLE_EXECUTABLE_FOLDER_PATH)/QuickThoughts";
			};
			name = Debug;
		};
		03FA3A1C29353763005BF200 /* Release */ = {
			isa = XCBuildConfiguration;
			baseConfigurationReference = 07E2EDCE81191E3A43248544 /* Pods-QuickThoughtsTests.release.xcconfig */;
			buildSettings = {
				ALWAYS_EMBED_SWIFT_STANDARD_LIBRARIES = YES;
				BUNDLE_LOADER = "$(TEST_HOST)";
				CODE_SIGN_STYLE = Automatic;
				CURRENT_PROJECT_VERSION = 1;
				DEVELOPMENT_TEAM = XAA77AEW3J;
				GENERATE_INFOPLIST_FILE = YES;
				IPHONEOS_DEPLOYMENT_TARGET = 16.1;
				MARKETING_VERSION = 1.0;
				PRODUCT_BUNDLE_IDENTIFIER = Cl0ud7.QuickThoughtsTests;
				PRODUCT_NAME = "$(TARGET_NAME)";
				SWIFT_EMIT_LOC_STRINGS = NO;
				SWIFT_VERSION = 5.0;
				TARGETED_DEVICE_FAMILY = "1,2";
				TEST_HOST = "$(BUILT_PRODUCTS_DIR)/QuickThoughts.app/$(BUNDLE_EXECUTABLE_FOLDER_PATH)/QuickThoughts";
			};
			name = Release;
		};
		03FA3A1E29353763005BF200 /* Debug */ = {
			isa = XCBuildConfiguration;
			baseConfigurationReference = 4CA4A1E863D15B39F7C0F8A5 /* Pods-QuickThoughts-QuickThoughtsUITests.debug.xcconfig */;
			buildSettings = {
				ALWAYS_EMBED_SWIFT_STANDARD_LIBRARIES = YES;
				CODE_SIGN_STYLE = Automatic;
				CURRENT_PROJECT_VERSION = 1;
				DEVELOPMENT_TEAM = XAA77AEW3J;
				GENERATE_INFOPLIST_FILE = YES;
				MARKETING_VERSION = 1.0;
				PRODUCT_BUNDLE_IDENTIFIER = Cl0ud7.QuickThoughtsUITests;
				PRODUCT_NAME = "$(TARGET_NAME)";
				SWIFT_EMIT_LOC_STRINGS = NO;
				SWIFT_VERSION = 5.0;
				TARGETED_DEVICE_FAMILY = "1,2";
				TEST_TARGET_NAME = QuickThoughts;
			};
			name = Debug;
		};
		03FA3A1F29353763005BF200 /* Release */ = {
			isa = XCBuildConfiguration;
			baseConfigurationReference = A2122FC4A32BC6DA6D7E5B2C /* Pods-QuickThoughts-QuickThoughtsUITests.release.xcconfig */;
			buildSettings = {
				ALWAYS_EMBED_SWIFT_STANDARD_LIBRARIES = YES;
				CODE_SIGN_STYLE = Automatic;
				CURRENT_PROJECT_VERSION = 1;
				DEVELOPMENT_TEAM = XAA77AEW3J;
				GENERATE_INFOPLIST_FILE = YES;
				MARKETING_VERSION = 1.0;
				PRODUCT_BUNDLE_IDENTIFIER = Cl0ud7.QuickThoughtsUITests;
				PRODUCT_NAME = "$(TARGET_NAME)";
				SWIFT_EMIT_LOC_STRINGS = NO;
				SWIFT_VERSION = 5.0;
				TARGETED_DEVICE_FAMILY = "1,2";
				TEST_TARGET_NAME = QuickThoughts;
			};
			name = Release;
		};
/* End XCBuildConfiguration section */

/* Begin XCConfigurationList section */
		03FA39E929353761005BF200 /* Build configuration list for PBXProject "QuickThoughts" */ = {
			isa = XCConfigurationList;
			buildConfigurations = (
				03FA3A1529353763005BF200 /* Debug */,
				03FA3A1629353763005BF200 /* Release */,
			);
			defaultConfigurationIsVisible = 0;
			defaultConfigurationName = Release;
		};
		03FA3A1729353763005BF200 /* Build configuration list for PBXNativeTarget "QuickThoughts" */ = {
			isa = XCConfigurationList;
			buildConfigurations = (
				03FA3A1829353763005BF200 /* Debug */,
				03FA3A1929353763005BF200 /* Release */,
			);
			defaultConfigurationIsVisible = 0;
			defaultConfigurationName = Release;
		};
		03FA3A1A29353763005BF200 /* Build configuration list for PBXNativeTarget "QuickThoughtsTests" */ = {
			isa = XCConfigurationList;
			buildConfigurations = (
				03FA3A1B29353763005BF200 /* Debug */,
				03FA3A1C29353763005BF200 /* Release */,
			);
			defaultConfigurationIsVisible = 0;
			defaultConfigurationName = Release;
		};
		03FA3A1D29353763005BF200 /* Build configuration list for PBXNativeTarget "QuickThoughtsUITests" */ = {
			isa = XCConfigurationList;
			buildConfigurations = (
				03FA3A1E29353763005BF200 /* Debug */,
				03FA3A1F29353763005BF200 /* Release */,
			);
			defaultConfigurationIsVisible = 0;
			defaultConfigurationName = Release;
		};
/* End XCConfigurationList section */

/* Begin XCVersionGroup section */
		03FA39FC29353763005BF200 /* QuickThoughts.xcdatamodeld */ = {
			isa = XCVersionGroup;
			children = (
				03FA39FD29353763005BF200 /* QuickThoughts.xcdatamodel */,
			);
			currentVersion = 03FA39FD29353763005BF200 /* QuickThoughts.xcdatamodel */;
			path = QuickThoughts.xcdatamodeld;
			sourceTree = "<group>";
			versionGroupType = wrapper.xcdatamodel;
		};
/* End XCVersionGroup section */
	};
	rootObject = 03FA39E629353761005BF200 /* Project object */;
}
